
Microsoft Visual Studio Solution File, Format Version 12.00
# Visual Studio Version 16
VisualStudioVersion = 16.0.29519.87
MinimumVisualStudioVersion = 10.0.40219.1
Project("{FAE04EC0-301F-11D3-BF4B-00C04F79EFBC}") = "UnitTestRestServer", "UnitTestRestServer.csproj", "{6DE465D5-9B27-4F19-B8E3-046CDA3D39F2}"
EndProject
Global
	GlobalSection(SolutionConfigurationPlatforms) = preSolution
		Debug|Any CPU = Debug|Any CPU
		Release|Any CPU = Release|Any CPU
	EndGlobalSection
	GlobalSection(ProjectConfigurationPlatforms) = postSolution
		{6DE465D5-9B27-4F19-B8E3-046CDA3D39F2}.Debug|Any CPU.ActiveCfg = Debug|Any CPU
		{6DE465D5-9B27-4F19-B8E3-046CDA3D39F2}.Debug|Any CPU.Build.0 = Debug|Any CPU
		{6DE465D5-9B27-4F19-B8E3-046CDA3D39F2}.Release|Any CPU.ActiveCfg = Release|Any CPU
		{6DE465D5-9B27-4F19-B8E3-046CDA3D39F2}.Release|Any CPU.Build.0 = Release|Any CPU
	EndGlobalSection
	GlobalSection(SolutionProperties) = preSolution
		HideSolutionNode = FALSE
	EndGlobalSection
	GlobalSection(ExtensibilityGlobals) = postSolution
		SolutionGuid = {0A60E86A-8E23-4AF5-A76E-CD8AA53299A0}
	EndGlobalSection
EndGlobal
